lockfileVersion: '6.0'

settings:
  autoInstallPeers: true
  excludeLinksFromLockfile: false

devDependencies:
  '@sveltejs/adapter-auto':
    specifier: ^3.3.1
    version: 3.3.1(@sveltejs/kit@2.9.0)
  '@sveltejs/kit':
    specifier: ^2.9.0
    version: 2.9.0(@sveltejs/vite-plugin-svelte@5.0.1)(svelte@5.6.2)(vite@6.0.2)
  '@sveltejs/package':
    specifier: ^2.3.7
    version: 2.3.7(svelte@5.6.2)(typescript@5.7.2)
  '@sveltejs/vite-plugin-svelte':
    specifier: ^5.0.1
    version: 5.0.1(svelte@5.6.2)(vite@6.0.2)
  '@trivago/prettier-plugin-sort-imports':
    specifier: ^4.3.0
    version: 4.3.0(prettier@3.4.2)
  cross-spawn:
    specifier: ^7.0.6
    version: 7.0.6
  husky:
    specifier: ^9.1.7
    version: 9.1.7
  prettier:
    specifier: ^3.4.2
    version: 3.4.2
  prettier-plugin-svelte:
    specifier: ^3.3.2
    version: 3.3.2(prettier@3.4.2)(svelte@5.6.2)
  publint:
    specifier: ^0.2.12
    version: 0.2.12
  svelte:
    specifier: ^5.6.2
    version: 5.6.2
  svelte-check:
    specifier: ^4.1.1
    version: 4.1.1(svelte@5.6.2)(typescript@5.7.2)
  tslib:
    specifier: ^2.8.1
    version: 2.8.1
  typescript:
    specifier: ^5.7.2
    version: 5.7.2
  vite:
    specifier: ^6.0.2
    version: 6.0.2

packages:
  /@ampproject/remapping@2.3.0:
    resolution:
      {
        integrity: sha512-30iZtAPgz+LTIYoeivqYo853f02jBYSd5uGnGpkFV0M3xOt9aN73erkgYAmZU43x4VfqcnLxW9Kpg3R5LC4YYw==,
      }
    engines: { node: '>=6.0.0' }
    dependencies:
      '@jridgewell/gen-mapping': 0.3.5
      '@jridgewell/trace-mapping': 0.3.25
    dev: true

  /@babel/code-frame@7.26.2:
    resolution:
      {
        integrity: sha512-RJlIHRueQgwWitWgF8OdFYGZX328Ax5BCemNGlqHfplnRT9ESi8JkFlvaVYbS+UubVY6dpv87Fs2u5M29iNFVQ==,
      }
    engines: { node: '>=6.9.0' }
    dependencies:
      '@babel/helper-validator-identifier': 7.25.9
      js-tokens: 4.0.0
      picocolors: 1.1.1
    dev: true

  /@babel/generator@7.17.7:
    resolution:
      {
        integrity: sha512-oLcVCTeIFadUoArDTwpluncplrYBmTCCZZgXCbgNGvOBBiSDDK3eWO4b/+eOTli5tKv1lg+a5/NAXg+nTcei1w==,
      }
    engines: { node: '>=6.9.0' }
    dependencies:
      '@babel/types': 7.17.0
      jsesc: 2.5.2
      source-map: 0.5.7
    dev: true

  /@babel/generator@7.26.3:
    resolution:
      {
        integrity: sha512-6FF/urZvD0sTeO7k6/B15pMLC4CHUv1426lzr3N01aHJTl046uCAh9LXW/fzeXXjPNCJ6iABW5XaWOsIZB93aQ==,
      }
    engines: { node: '>=6.9.0' }
    dependencies:
      '@babel/parser': 7.26.3
      '@babel/types': 7.26.3
      '@jridgewell/gen-mapping': 0.3.5
      '@jridgewell/trace-mapping': 0.3.25
      jsesc: 3.0.2
    dev: true

  /@babel/helper-environment-visitor@7.24.7:
    resolution:
      {
        integrity: sha512-DoiN84+4Gnd0ncbBOM9AZENV4a5ZiL39HYMyZJGZ/AZEykHYdJw0wW3kdcsh9/Kn+BRXHLkkklZ51ecPKmI1CQ==,
      }
    engines: { node: '>=6.9.0' }
    dependencies:
      '@babel/types': 7.26.3
    dev: true

  /@babel/helper-function-name@7.24.7:
    resolution:
      {
        integrity: sha512-FyoJTsj/PEUWu1/TYRiXTIHc8lbw+TDYkZuoE43opPS5TrI7MyONBE1oNvfguEXAD9yhQRrVBnXdXzSLQl9XnA==,
      }
    engines: { node: '>=6.9.0' }
    dependencies:
      '@babel/template': 7.25.9
      '@babel/types': 7.26.3
    dev: true

  /@babel/helper-hoist-variables@7.24.7:
    resolution:
      {
        integrity: sha512-MJJwhkoGy5c4ehfoRyrJ/owKeMl19U54h27YYftT0o2teQ3FJ3nQUf/I3LlJsX4l3qlw7WRXUmiyajvHXoTubQ==,
      }
    engines: { node: '>=6.9.0' }
    dependencies:
      '@babel/types': 7.26.3
    dev: true

  /@babel/helper-split-export-declaration@7.24.7:
    resolution:
      {
        integrity: sha512-oy5V7pD+UvfkEATUKvIjvIAH/xCzfsFVw7ygW2SI6NClZzquT+mwdTfgfdbUiceh6iQO0CHtCPsyze/MZ2YbAA==,
      }
    engines: { node: '>=6.9.0' }
    dependencies:
      '@babel/types': 7.26.3
    dev: true

  /@babel/helper-string-parser@7.25.9:
    resolution:
      {
        integrity: sha512-4A/SCr/2KLd5jrtOMFzaKjVtAei3+2r/NChoBNoZ3EyP/+GlhoaEGoWOZUmFmoITP7zOJyHIMm+DYRd8o3PvHA==,
      }
    engines: { node: '>=6.9.0' }
    dev: true

  /@babel/helper-validator-identifier@7.25.9:
    resolution:
      {
        integrity: sha512-Ed61U6XJc3CVRfkERJWDz4dJwKe7iLmmJsbOGu9wSloNSFttHV0I8g6UAgb7qnK5ly5bGLPd4oXZlxCdANBOWQ==,
      }
    engines: { node: '>=6.9.0' }
    dev: true

  /@babel/parser@7.26.3:
    resolution:
      {
        integrity: sha512-WJ/CvmY8Mea8iDXo6a7RK2wbmJITT5fN3BEkRuFlxVyNx8jOKIIhmC4fSkTcPcf8JyavbBwIe6OpiCOBXt/IcA==,
      }
    engines: { node: '>=6.0.0' }
    hasBin: true
    dependencies:
      '@babel/types': 7.26.3
    dev: true

  /@babel/template@7.25.9:
    resolution:
      {
        integrity: sha512-9DGttpmPvIxBb/2uwpVo3dqJ+O6RooAFOS+lB+xDqoE2PVCE8nfoHMdZLpfCQRLwvohzXISPZcgxt80xLfsuwg==,
      }
    engines: { node: '>=6.9.0' }
    dependencies:
      '@babel/code-frame': 7.26.2
      '@babel/parser': 7.26.3
      '@babel/types': 7.26.3
    dev: true

  /@babel/traverse@7.23.2:
    resolution:
      {
        integrity: sha512-azpe59SQ48qG6nu2CzcMLbxUudtN+dOM9kDbUqGq3HXUJRlo7i8fvPoxQUzYgLZ4cMVmuZgm8vvBpNeRhd6XSw==,
      }
    engines: { node: '>=6.9.0' }
    dependencies:
      '@babel/code-frame': 7.26.2
      '@babel/generator': 7.26.3
      '@babel/helper-environment-visitor': 7.24.7
      '@babel/helper-function-name': 7.24.7
      '@babel/helper-hoist-variables': 7.24.7
      '@babel/helper-split-export-declaration': 7.24.7
      '@babel/parser': 7.26.3
      '@babel/types': 7.26.3
      debug: 4.3.7
      globals: 11.12.0
    transitivePeerDependencies:
      - supports-color
    dev: true

  /@babel/types@7.17.0:
    resolution:
      {
        integrity: sha512-TmKSNO4D5rzhL5bjWFcVHHLETzfQ/AmbKpKPOSjlP0WoHZ6L911fgoOKY4Alp/emzG4cHJdyN49zpgkbXFEHHw==,
      }
    engines: { node: '>=6.9.0' }
    dependencies:
      '@babel/helper-validator-identifier': 7.25.9
      to-fast-properties: 2.0.0
    dev: true

  /@babel/types@7.26.3:
    resolution:
      {
        integrity: sha512-vN5p+1kl59GVKMvTHt55NzzmYVxprfJD+ql7U9NFIfKCBkYE55LYtS+WtPlaYOyzydrKI8Nezd+aZextrd+FMA==,
      }
    engines: { node: '>=6.9.0' }
    dependencies:
      '@babel/helper-string-parser': 7.25.9
      '@babel/helper-validator-identifier': 7.25.9
    dev: true

  /@esbuild/aix-ppc64@0.24.0:
    resolution:
      {
        integrity: sha512-WtKdFM7ls47zkKHFVzMz8opM7LkcsIp9amDUBIAWirg70RM71WRSjdILPsY5Uv1D42ZpUfaPILDlfactHgsRkw==,
      }
    engines: { node: '>=18' }
    cpu: [ppc64]
    os: [aix]
    requiresBuild: true
    dev: true
    optional: true

  /@esbuild/android-arm64@0.24.0:
    resolution:
      {
        integrity: sha512-Vsm497xFM7tTIPYK9bNTYJyF/lsP590Qc1WxJdlB6ljCbdZKU9SY8i7+Iin4kyhV/KV5J2rOKsBQbB77Ab7L/w==,
      }
    engines: { node: '>=18' }
    cpu: [arm64]
    os: [android]
    requiresBuild: true
    dev: true
    optional: true

  /@esbuild/android-arm@0.24.0:
    resolution:
      {
        integrity: sha512-arAtTPo76fJ/ICkXWetLCc9EwEHKaeya4vMrReVlEIUCAUncH7M4bhMQ+M9Vf+FFOZJdTNMXNBrWwW+OXWpSew==,
      }
    engines: { node: '>=18' }
    cpu: [arm]
    os: [android]
    requiresBuild: true
    dev: true
    optional: true

  /@esbuild/android-x64@0.24.0:
    resolution:
      {
        integrity: sha512-t8GrvnFkiIY7pa7mMgJd7p8p8qqYIz1NYiAoKc75Zyv73L3DZW++oYMSHPRarcotTKuSs6m3hTOa5CKHaS02TQ==,
      }
    engines: { node: '>=18' }
    cpu: [x64]
    os: [android]
    requiresBuild: true
    dev: true
    optional: true

  /@esbuild/darwin-arm64@0.24.0:
    resolution:
      {
        integrity: sha512-CKyDpRbK1hXwv79soeTJNHb5EiG6ct3efd/FTPdzOWdbZZfGhpbcqIpiD0+vwmpu0wTIL97ZRPZu8vUt46nBSw==,
      }
    engines: { node: '>=18' }
    cpu: [arm64]
    os: [darwin]
    requiresBuild: true
    dev: true
    optional: true

  /@esbuild/darwin-x64@0.24.0:
    resolution:
      {
        integrity: sha512-rgtz6flkVkh58od4PwTRqxbKH9cOjaXCMZgWD905JOzjFKW+7EiUObfd/Kav+A6Gyud6WZk9w+xu6QLytdi2OA==,
      }
    engines: { node: '>=18' }
    cpu: [x64]
    os: [darwin]
    requiresBuild: true
    dev: true
    optional: true

  /@esbuild/freebsd-arm64@0.24.0:
    resolution:
      {
        integrity: sha512-6Mtdq5nHggwfDNLAHkPlyLBpE5L6hwsuXZX8XNmHno9JuL2+bg2BX5tRkwjyfn6sKbxZTq68suOjgWqCicvPXA==,
      }
    engines: { node: '>=18' }
    cpu: [arm64]
    os: [freebsd]
    requiresBuild: true
    dev: true
    optional: true

  /@esbuild/freebsd-x64@0.24.0:
    resolution:
      {
        integrity: sha512-D3H+xh3/zphoX8ck4S2RxKR6gHlHDXXzOf6f/9dbFt/NRBDIE33+cVa49Kil4WUjxMGW0ZIYBYtaGCa2+OsQwQ==,
      }
    engines: { node: '>=18' }
    cpu: [x64]
    os: [freebsd]
    requiresBuild: true
    dev: true
    optional: true

  /@esbuild/linux-arm64@0.24.0:
    resolution:
      {
        integrity: sha512-TDijPXTOeE3eaMkRYpcy3LarIg13dS9wWHRdwYRnzlwlA370rNdZqbcp0WTyyV/k2zSxfko52+C7jU5F9Tfj1g==,
      }
    engines: { node: '>=18' }
    cpu: [arm64]
    os: [linux]
    requiresBuild: true
    dev: true
    optional: true

  /@esbuild/linux-arm@0.24.0:
    resolution:
      {
        integrity: sha512-gJKIi2IjRo5G6Glxb8d3DzYXlxdEj2NlkixPsqePSZMhLudqPhtZ4BUrpIuTjJYXxvF9njql+vRjB2oaC9XpBw==,
      }
    engines: { node: '>=18' }
    cpu: [arm]
    os: [linux]
    requiresBuild: true
    dev: true
    optional: true

  /@esbuild/linux-ia32@0.24.0:
    resolution:
      {
        integrity: sha512-K40ip1LAcA0byL05TbCQ4yJ4swvnbzHscRmUilrmP9Am7//0UjPreh4lpYzvThT2Quw66MhjG//20mrufm40mA==,
      }
    engines: { node: '>=18' }
    cpu: [ia32]
    os: [linux]
    requiresBuild: true
    dev: true
    optional: true

  /@esbuild/linux-loong64@0.24.0:
    resolution:
      {
        integrity: sha512-0mswrYP/9ai+CU0BzBfPMZ8RVm3RGAN/lmOMgW4aFUSOQBjA31UP8Mr6DDhWSuMwj7jaWOT0p0WoZ6jeHhrD7g==,
      }
    engines: { node: '>=18' }
    cpu: [loong64]
    os: [linux]
    requiresBuild: true
    dev: true
    optional: true

  /@esbuild/linux-mips64el@0.24.0:
    resolution:
      {
        integrity: sha512-hIKvXm0/3w/5+RDtCJeXqMZGkI2s4oMUGj3/jM0QzhgIASWrGO5/RlzAzm5nNh/awHE0A19h/CvHQe6FaBNrRA==,
      }
    engines: { node: '>=18' }
    cpu: [mips64el]
    os: [linux]
    requiresBuild: true
    dev: true
    optional: true

  /@esbuild/linux-ppc64@0.24.0:
    resolution:
      {
        integrity: sha512-HcZh5BNq0aC52UoocJxaKORfFODWXZxtBaaZNuN3PUX3MoDsChsZqopzi5UupRhPHSEHotoiptqikjN/B77mYQ==,
      }
    engines: { node: '>=18' }
    cpu: [ppc64]
    os: [linux]
    requiresBuild: true
    dev: true
    optional: true

  /@esbuild/linux-riscv64@0.24.0:
    resolution:
      {
        integrity: sha512-bEh7dMn/h3QxeR2KTy1DUszQjUrIHPZKyO6aN1X4BCnhfYhuQqedHaa5MxSQA/06j3GpiIlFGSsy1c7Gf9padw==,
      }
    engines: { node: '>=18' }
    cpu: [riscv64]
    os: [linux]
    requiresBuild: true
    dev: true
    optional: true

  /@esbuild/linux-s390x@0.24.0:
    resolution:
      {
        integrity: sha512-ZcQ6+qRkw1UcZGPyrCiHHkmBaj9SiCD8Oqd556HldP+QlpUIe2Wgn3ehQGVoPOvZvtHm8HPx+bH20c9pvbkX3g==,
      }
    engines: { node: '>=18' }
    cpu: [s390x]
    os: [linux]
    requiresBuild: true
    dev: true
    optional: true

  /@esbuild/linux-x64@0.24.0:
    resolution:
      {
        integrity: sha512-vbutsFqQ+foy3wSSbmjBXXIJ6PL3scghJoM8zCL142cGaZKAdCZHyf+Bpu/MmX9zT9Q0zFBVKb36Ma5Fzfa8xA==,
      }
    engines: { node: '>=18' }
    cpu: [x64]
    os: [linux]
    requiresBuild: true
    dev: true
    optional: true

  /@esbuild/netbsd-x64@0.24.0:
    resolution:
      {
        integrity: sha512-hjQ0R/ulkO8fCYFsG0FZoH+pWgTTDreqpqY7UnQntnaKv95uP5iW3+dChxnx7C3trQQU40S+OgWhUVwCjVFLvg==,
      }
    engines: { node: '>=18' }
    cpu: [x64]
    os: [netbsd]
    requiresBuild: true
    dev: true
    optional: true

  /@esbuild/openbsd-arm64@0.24.0:
    resolution:
      {
        integrity: sha512-MD9uzzkPQbYehwcN583yx3Tu5M8EIoTD+tUgKF982WYL9Pf5rKy9ltgD0eUgs8pvKnmizxjXZyLt0z6DC3rRXg==,
      }
    engines: { node: '>=18' }
    cpu: [arm64]
    os: [openbsd]
    requiresBuild: true
    dev: true
    optional: true

  /@esbuild/openbsd-x64@0.24.0:
    resolution:
      {
        integrity: sha512-4ir0aY1NGUhIC1hdoCzr1+5b43mw99uNwVzhIq1OY3QcEwPDO3B7WNXBzaKY5Nsf1+N11i1eOfFcq+D/gOS15Q==,
      }
    engines: { node: '>=18' }
    cpu: [x64]
    os: [openbsd]
    requiresBuild: true
    dev: true
    optional: true

  /@esbuild/sunos-x64@0.24.0:
    resolution:
      {
        integrity: sha512-jVzdzsbM5xrotH+W5f1s+JtUy1UWgjU0Cf4wMvffTB8m6wP5/kx0KiaLHlbJO+dMgtxKV8RQ/JvtlFcdZ1zCPA==,
      }
    engines: { node: '>=18' }
    cpu: [x64]
    os: [sunos]
    requiresBuild: true
    dev: true
    optional: true

  /@esbuild/win32-arm64@0.24.0:
    resolution:
      {
        integrity: sha512-iKc8GAslzRpBytO2/aN3d2yb2z8XTVfNV0PjGlCxKo5SgWmNXx82I/Q3aG1tFfS+A2igVCY97TJ8tnYwpUWLCA==,
      }
    engines: { node: '>=18' }
    cpu: [arm64]
    os: [win32]
    requiresBuild: true
    dev: true
    optional: true

  /@esbuild/win32-ia32@0.24.0:
    resolution:
      {
        integrity: sha512-vQW36KZolfIudCcTnaTpmLQ24Ha1RjygBo39/aLkM2kmjkWmZGEJ5Gn9l5/7tzXA42QGIoWbICfg6KLLkIw6yw==,
      }
    engines: { node: '>=18' }
    cpu: [ia32]
    os: [win32]
    requiresBuild: true
    dev: true
    optional: true

  /@esbuild/win32-x64@0.24.0:
    resolution:
      {
        integrity: sha512-7IAFPrjSQIJrGsK6flwg7NFmwBoSTyF3rl7If0hNUFQU4ilTsEPL6GuMuU9BfIWVVGuRnuIidkSMC+c0Otu8IA==,
      }
    engines: { node: '>=18' }
    cpu: [x64]
    os: [win32]
    requiresBuild: true
    dev: true
    optional: true

  /@jridgewell/gen-mapping@0.3.5:
    resolution:
      {
        integrity: sha512-IzL8ZoEDIBRWEzlCcRhOaCupYyN5gdIK+Q6fbFdPDg6HqX6jpkItn7DFIpW9LQzXG6Df9sA7+OKnq0qlz/GaQg==,
      }
    engines: { node: '>=6.0.0' }
    dependencies:
      '@jridgewell/set-array': 1.2.1
      '@jridgewell/sourcemap-codec': 1.5.0
      '@jridgewell/trace-mapping': 0.3.25
    dev: true

  /@jridgewell/resolve-uri@3.1.2:
    resolution:
      {
        integrity: sha512-bRISgCIjP20/tbWSPWMEi54QVPRZExkuD9lJL+UIxUKtwVJA8wW1Trb1jMs1RFXo1CBTNZ/5hpC9QvmKWdopKw==,
      }
    engines: { node: '>=6.0.0' }
    dev: true

  /@jridgewell/set-array@1.2.1:
    resolution:
      {
        integrity: sha512-R8gLRTZeyp03ymzP/6Lil/28tGeGEzhx1q2k703KGWRAI1VdvPIXdG70VJc2pAMw3NA6JKL5hhFu1sJX0Mnn/A==,
      }
    engines: { node: '>=6.0.0' }
    dev: true

  /@jridgewell/sourcemap-codec@1.5.0:
    resolution:
      {
        integrity: sha512-gv3ZRaISU3fjPAgNsriBRqGWQL6quFx04YMPW/zD8XMLsU32mhCCbfbO6KZFLjvYpCZ8zyDEgqsgf+PwPaM7GQ==,
      }
    dev: true

  /@jridgewell/trace-mapping@0.3.25:
    resolution:
      {
        integrity: sha512-vNk6aEwybGtawWmy/PzwnGDOjCkLWSD2wqvjGGAgOAwCGWySYXfYoxt00IJkTF+8Lb57DwOb3Aa0o9CApepiYQ==,
      }
    dependencies:
      '@jridgewell/resolve-uri': 3.1.2
      '@jridgewell/sourcemap-codec': 1.5.0
    dev: true

  /@polka/url@1.0.0-next.28:
    resolution:
      {
        integrity: sha512-8LduaNlMZGwdZ6qWrKlfa+2M4gahzFkprZiAt2TF8uS0qQgBizKXpXURqvTJ4WtmupWxaLqjRb2UCTe72mu+Aw==,
      }
    dev: true

  /@rollup/rollup-android-arm-eabi@4.28.0:
    resolution:
      {
        integrity: sha512-wLJuPLT6grGZsy34g4N1yRfYeouklTgPhH1gWXCYspenKYD0s3cR99ZevOGw5BexMNywkbV3UkjADisozBmpPQ==,
      }
    cpu: [arm]
    os: [android]
    requiresBuild: true
    dev: true
    optional: true

  /@rollup/rollup-android-arm64@4.28.0:
    resolution:
      {
        integrity: sha512-eiNkznlo0dLmVG/6wf+Ifi/v78G4d4QxRhuUl+s8EWZpDewgk7PX3ZyECUXU0Zq/Ca+8nU8cQpNC4Xgn2gFNDA==,
      }
    cpu: [arm64]
    os: [android]
    requiresBuild: true
    dev: true
    optional: true

  /@rollup/rollup-darwin-arm64@4.28.0:
    resolution:
      {
        integrity: sha512-lmKx9yHsppblnLQZOGxdO66gT77bvdBtr/0P+TPOseowE7D9AJoBw8ZDULRasXRWf1Z86/gcOdpBrV6VDUY36Q==,
      }
    cpu: [arm64]
    os: [darwin]
    requiresBuild: true
    dev: true
    optional: true

  /@rollup/rollup-darwin-x64@4.28.0:
    resolution:
      {
        integrity: sha512-8hxgfReVs7k9Js1uAIhS6zq3I+wKQETInnWQtgzt8JfGx51R1N6DRVy3F4o0lQwumbErRz52YqwjfvuwRxGv1w==,
      }
    cpu: [x64]
    os: [darwin]
    requiresBuild: true
    dev: true
    optional: true

  /@rollup/rollup-freebsd-arm64@4.28.0:
    resolution:
      {
        integrity: sha512-lA1zZB3bFx5oxu9fYud4+g1mt+lYXCoch0M0V/xhqLoGatbzVse0wlSQ1UYOWKpuSu3gyN4qEc0Dxf/DII1bhQ==,
      }
    cpu: [arm64]
    os: [freebsd]
    requiresBuild: true
    dev: true
    optional: true

  /@rollup/rollup-freebsd-x64@4.28.0:
    resolution:
      {
        integrity: sha512-aI2plavbUDjCQB/sRbeUZWX9qp12GfYkYSJOrdYTL/C5D53bsE2/nBPuoiJKoWp5SN78v2Vr8ZPnB+/VbQ2pFA==,
      }
    cpu: [x64]
    os: [freebsd]
    requiresBuild: true
    dev: true
    optional: true

  /@rollup/rollup-linux-arm-gnueabihf@4.28.0:
    resolution:
      {
        integrity: sha512-WXveUPKtfqtaNvpf0iOb0M6xC64GzUX/OowbqfiCSXTdi/jLlOmH0Ba94/OkiY2yTGTwteo4/dsHRfh5bDCZ+w==,
      }
    cpu: [arm]
    os: [linux]
    requiresBuild: true
    dev: true
    optional: true

  /@rollup/rollup-linux-arm-musleabihf@4.28.0:
    resolution:
      {
        integrity: sha512-yLc3O2NtOQR67lI79zsSc7lk31xjwcaocvdD1twL64PK1yNaIqCeWI9L5B4MFPAVGEVjH5k1oWSGuYX1Wutxpg==,
      }
    cpu: [arm]
    os: [linux]
    requiresBuild: true
    dev: true
    optional: true

  /@rollup/rollup-linux-arm64-gnu@4.28.0:
    resolution:
      {
        integrity: sha512-+P9G9hjEpHucHRXqesY+3X9hD2wh0iNnJXX/QhS/J5vTdG6VhNYMxJ2rJkQOxRUd17u5mbMLHM7yWGZdAASfcg==,
      }
    cpu: [arm64]
    os: [linux]
    requiresBuild: true
    dev: true
    optional: true

  /@rollup/rollup-linux-arm64-musl@4.28.0:
    resolution:
      {
        integrity: sha512-1xsm2rCKSTpKzi5/ypT5wfc+4bOGa/9yI/eaOLW0oMs7qpC542APWhl4A37AENGZ6St6GBMWhCCMM6tXgTIplw==,
      }
    cpu: [arm64]
    os: [linux]
    requiresBuild: true
    dev: true
    optional: true

  /@rollup/rollup-linux-powerpc64le-gnu@4.28.0:
    resolution:
      {
        integrity: sha512-zgWxMq8neVQeXL+ouSf6S7DoNeo6EPgi1eeqHXVKQxqPy1B2NvTbaOUWPn/7CfMKL7xvhV0/+fq/Z/J69g1WAQ==,
      }
    cpu: [ppc64]
    os: [linux]
    requiresBuild: true
    dev: true
    optional: true

  /@rollup/rollup-linux-riscv64-gnu@4.28.0:
    resolution:
      {
        integrity: sha512-VEdVYacLniRxbRJLNtzwGt5vwS0ycYshofI7cWAfj7Vg5asqj+pt+Q6x4n+AONSZW/kVm+5nklde0qs2EUwU2g==,
      }
    cpu: [riscv64]
    os: [linux]
    requiresBuild: true
    dev: true
    optional: true

  /@rollup/rollup-linux-s390x-gnu@4.28.0:
    resolution:
      {
        integrity: sha512-LQlP5t2hcDJh8HV8RELD9/xlYtEzJkm/aWGsauvdO2ulfl3QYRjqrKW+mGAIWP5kdNCBheqqqYIGElSRCaXfpw==,
      }
    cpu: [s390x]
    os: [linux]
    requiresBuild: true
    dev: true
    optional: true

  /@rollup/rollup-linux-x64-gnu@4.28.0:
    resolution:
      {
        integrity: sha512-Nl4KIzteVEKE9BdAvYoTkW19pa7LR/RBrT6F1dJCV/3pbjwDcaOq+edkP0LXuJ9kflW/xOK414X78r+K84+msw==,
      }
    cpu: [x64]
    os: [linux]
    requiresBuild: true
    dev: true
    optional: true

  /@rollup/rollup-linux-x64-musl@4.28.0:
    resolution:
      {
        integrity: sha512-eKpJr4vBDOi4goT75MvW+0dXcNUqisK4jvibY9vDdlgLx+yekxSm55StsHbxUsRxSTt3JEQvlr3cGDkzcSP8bw==,
      }
    cpu: [x64]
    os: [linux]
    requiresBuild: true
    dev: true
    optional: true

  /@rollup/rollup-win32-arm64-msvc@4.28.0:
    resolution:
      {
        integrity: sha512-Vi+WR62xWGsE/Oj+mD0FNAPY2MEox3cfyG0zLpotZdehPFXwz6lypkGs5y38Jd/NVSbOD02aVad6q6QYF7i8Bg==,
      }
    cpu: [arm64]
    os: [win32]
    requiresBuild: true
    dev: true
    optional: true

  /@rollup/rollup-win32-ia32-msvc@4.28.0:
    resolution:
      {
        integrity: sha512-kN/Vpip8emMLn/eOza+4JwqDZBL6MPNpkdaEsgUtW1NYN3DZvZqSQrbKzJcTL6hd8YNmFTn7XGWMwccOcJBL0A==,
      }
    cpu: [ia32]
    os: [win32]
    requiresBuild: true
    dev: true
    optional: true

  /@rollup/rollup-win32-x64-msvc@4.28.0:
    resolution:
      {
        integrity: sha512-Bvno2/aZT6usSa7lRDL2+hMjVAGjuqaymF1ApZm31JXzniR/hvr14jpU+/z4X6Gt5BPlzosscyJZGUvguXIqeQ==,
      }
    cpu: [x64]
    os: [win32]
    requiresBuild: true
    dev: true
    optional: true

  /@sveltejs/adapter-auto@3.3.1(@sveltejs/kit@2.9.0):
    resolution:
      {
        integrity: sha512-5Sc7WAxYdL6q9j/+D0jJKjGREGlfIevDyHSQ2eNETHcB1TKlQWHcAo8AS8H1QdjNvSXpvOwNjykDUHPEAyGgdQ==,
      }
    peerDependencies:
      '@sveltejs/kit': ^2.0.0
    dependencies:
      '@sveltejs/kit': 2.9.0(@sveltejs/vite-plugin-svelte@5.0.1)(svelte@5.6.2)(vite@6.0.2)
      import-meta-resolve: 4.1.0
    dev: true

  /@sveltejs/kit@2.9.0(@sveltejs/vite-plugin-svelte@5.0.1)(svelte@5.6.2)(vite@6.0.2):
    resolution:
      {
        integrity: sha512-W3E7ed3ChB6kPqRs2H7tcHp+Z7oiTFC6m+lLyAQQuyXeqw6LdNuuwEUla+5VM0OGgqQD+cYD6+7Xq80vVm17Vg==,
      }
    engines: { node: '>=18.13' }
    hasBin: true
    requiresBuild: true
    peerDependencies:
      '@sveltejs/vite-plugin-svelte': ^3.0.0 || ^4.0.0-next.1 || ^5.0.0
      svelte: ^4.0.0 || ^5.0.0-next.0
      vite: ^5.0.3 || ^6.0.0
    dependencies:
      '@sveltejs/vite-plugin-svelte': 5.0.1(svelte@5.6.2)(vite@6.0.2)
      '@types/cookie': 0.6.0
      cookie: 0.6.0
      devalue: 5.1.1
      esm-env: 1.2.1
      import-meta-resolve: 4.1.0
      kleur: 4.1.5
      magic-string: 0.30.14
      mrmime: 2.0.0
      sade: 1.8.1
      set-cookie-parser: 2.7.1
      sirv: 3.0.0
      svelte: 5.6.2
      tiny-glob: 0.2.9
      vite: 6.0.2
    dev: true

  /@sveltejs/package@2.3.7(svelte@5.6.2)(typescript@5.7.2):
    resolution:
      {
        integrity: sha512-LYgUkde5GUYqOpXbcoCGUpEH4Ctl3Wj4u4CVZBl56dEeLW5fGHE037ZL1qlK0Ky+QD5uUfwONSeGwIOIighFMQ==,
      }
    engines: { node: ^16.14 || >=18 }
    hasBin: true
    peerDependencies:
      svelte: ^3.44.0 || ^4.0.0 || ^5.0.0-next.1
    dependencies:
      chokidar: 4.0.1
      kleur: 4.1.5
      sade: 1.8.1
      semver: 7.6.3
      svelte: 5.6.2
      svelte2tsx: 0.7.30(svelte@5.6.2)(typescript@5.7.2)
    transitivePeerDependencies:
      - typescript
    dev: true

  /@sveltejs/vite-plugin-svelte-inspector@4.0.1(@sveltejs/vite-plugin-svelte@5.0.1)(svelte@5.6.2)(vite@6.0.2):
    resolution:
      {
        integrity: sha512-J/Nmb2Q2y7mck2hyCX4ckVHcR5tu2J+MtBEQqpDrrgELZ2uvraQcK/ioCV61AqkdXFgriksOKIceDcQmqnGhVw==,
      }
    engines: { node: ^18.0.0 || ^20.0.0 || >=22 }
    peerDependencies:
      '@sveltejs/vite-plugin-svelte': ^5.0.0
      svelte: ^5.0.0
      vite: ^6.0.0
    dependencies:
      '@sveltejs/vite-plugin-svelte': 5.0.1(svelte@5.6.2)(vite@6.0.2)
      debug: 4.3.7
      svelte: 5.6.2
      vite: 6.0.2
    transitivePeerDependencies:
      - supports-color
    dev: true

  /@sveltejs/vite-plugin-svelte@5.0.1(svelte@5.6.2)(vite@6.0.2):
    resolution:
      {
        integrity: sha512-D5l5+STmywGoLST07T9mrqqFFU+xgv5fqyTWM+VbxTvQ6jujNn4h3lQNCvlwVYs4Erov8i0K5Rwr3LQtmBYmBw==,
      }
    engines: { node: ^18.0.0 || ^20.0.0 || >=22 }
    peerDependencies:
      svelte: ^5.0.0
      vite: ^6.0.0
    dependencies:
      '@sveltejs/vite-plugin-svelte-inspector': 4.0.1(@sveltejs/vite-plugin-svelte@5.0.1)(svelte@5.6.2)(vite@6.0.2)
      debug: 4.3.7
      deepmerge: 4.3.1
      kleur: 4.1.5
      magic-string: 0.30.14
      svelte: 5.6.2
      vite: 6.0.2
      vitefu: 1.0.4(vite@6.0.2)
    transitivePeerDependencies:
      - supports-color
    dev: true

  /@trivago/prettier-plugin-sort-imports@4.3.0(prettier@3.4.2):
    resolution:
      {
        integrity: sha512-r3n0onD3BTOVUNPhR4lhVK4/pABGpbA7bW3eumZnYdKaHkf1qEC+Mag6DPbGNuuh0eG8AaYj+YqmVHSiGslaTQ==,
      }
    peerDependencies:
      '@vue/compiler-sfc': 3.x
      prettier: 2.x - 3.x
    peerDependenciesMeta:
      '@vue/compiler-sfc':
        optional: true
    dependencies:
      '@babel/generator': 7.17.7
      '@babel/parser': 7.26.3
      '@babel/traverse': 7.23.2
      '@babel/types': 7.17.0
      javascript-natural-sort: 0.7.1
      lodash: 4.17.21
      prettier: 3.4.2
    transitivePeerDependencies:
      - supports-color
    dev: true

  /@types/cookie@0.6.0:
    resolution:
      {
        integrity: sha512-4Kh9a6B2bQciAhf7FSuMRRkUWecJgJu9nPnx3yzpsfXX/c50REIqpHY4C82bXP90qrLtXtkDxTZosYO3UpOwlA==,
      }
    dev: true

  /@types/estree@1.0.6:
    resolution:
      {
        integrity: sha512-AYnb1nQyY49te+VRAVgmzfcgjYS91mY5P0TKUDCLEM+gNnA+3T6rWITXRLYCpahpqSQbN5cE+gHpnPyXjHWxcw==,
      }
    dev: true

  /acorn-typescript@1.4.13(acorn@8.14.0):
    resolution:
      {
        integrity: sha512-xsc9Xv0xlVfwp2o7sQ+GCQ1PgbkdcpWdTzrwXxO3xDMTAywVS3oXVOcOHuRjAPkS4P9b+yc/qNF15460v+jp4Q==,
      }
    peerDependencies:
      acorn: '>=8.9.0'
    dependencies:
      acorn: 8.14.0
    dev: true

  /acorn@8.14.0:
    resolution:
      {
        integrity: sha512-cl669nCJTZBsL97OF4kUQm5g5hC2uihk0NxY3WENAC0TYdILVkAyHymAntgxGkl7K+t0cXIrH5siy5S4XkFycA==,
      }
    engines: { node: '>=0.4.0' }
    hasBin: true
    dev: true

  /aria-query@5.3.2:
    resolution:
      {
        integrity: sha512-COROpnaoap1E2F000S62r6A60uHZnmlvomhfyT2DlTcrY1OrBKn2UhH7qn5wTC9zMvD0AY7csdPSNwKP+7WiQw==,
      }
    engines: { node: '>= 0.4' }
    dev: true

  /axobject-query@4.1.0:
    resolution:
      {
        integrity: sha512-qIj0G9wZbMGNLjLmg1PT6v2mE9AH2zlnADJD/2tC6E00hgmhUOfEB6greHPAfLRSufHqROIUTkw6E+M3lH0PTQ==,
      }
    engines: { node: '>= 0.4' }
    dev: true

  /balanced-match@1.0.2:
    resolution:
      {
        integrity: sha512-3oSeUO0TMV67hN1AmbXsK4yaqU7tjiHlbxRDZOpH0KW9+CeX4bRAaX0Anxt0tx2MrpRpWwQaPwIlISEJhYU5Pw==,
      }
    dev: true

  /brace-expansion@2.0.1:
    resolution:
      {
        integrity: sha512-XnAIvQ8eM+kC6aULx6wuQiwVsnzsi9d3WxzV3FpWTGA19F621kwdbsAcFKXgKUHZWsy+mY6iL1sHTxWEFCytDA==,
      }
    dependencies:
      balanced-match: 1.0.2
    dev: true

  /chokidar@4.0.1:
    resolution:
      {
        integrity: sha512-n8enUVCED/KVRQlab1hr3MVpcVMvxtZjmEa956u+4YijlmQED223XMSYj2tLuKvr4jcCTzNNMpQDUer72MMmzA==,
      }
    engines: { node: '>= 14.16.0' }
    dependencies:
      readdirp: 4.0.2
    dev: true

  /cookie@0.6.0:
    resolution:
      {
        integrity: sha512-U71cyTamuh1CRNCfpGY6to28lxvNwPG4Guz/EVjgf3Jmzv0vlDp1atT9eS5dDjMYHucpHbWns6Lwf3BKz6svdw==,
      }
    engines: { node: '>= 0.6' }
    dev: true

  /cross-spawn@7.0.6:
    resolution:
      {
        integrity: sha512-uV2QOWP2nWzsy2aMp8aRibhi9dlzF5Hgh5SHaB9OiTGEyDTiJJyx0uy51QXdyWbtAHNua4XJzUKca3OzKUd3vA==,
      }
    engines: { node: '>= 8' }
    dependencies:
      path-key: 3.1.1
      shebang-command: 2.0.0
      which: 2.0.2
    dev: true

  /debug@4.3.7:
    resolution:
      {
        integrity: sha512-Er2nc/H7RrMXZBFCEim6TCmMk02Z8vLC2Rbi1KEBggpo0fS6l0S1nnapwmIi3yW/+GOJap1Krg4w0Hg80oCqgQ==,
      }
    engines: { node: '>=6.0' }
    peerDependencies:
      supports-color: '*'
    peerDependenciesMeta:
      supports-color:
        optional: true
    dependencies:
      ms: 2.1.3
    dev: true

  /dedent-js@1.0.1:
    resolution:
      {
        integrity: sha512-OUepMozQULMLUmhxS95Vudo0jb0UchLimi3+pQ2plj61Fcy8axbP9hbiD4Sz6DPqn6XG3kfmziVfQ1rSys5AJQ==,
      }
    dev: true

  /deepmerge@4.3.1:
    resolution:
      {
        integrity: sha512-3sUqbMEc77XqpdNO7FRyRog+eW3ph+GYCbj+rK+uYyRMuwsVy0rMiVtPn+QJlKFvWP/1PYpapqYn0Me2knFn+A==,
      }
    engines: { node: '>=0.10.0' }
    dev: true

  /devalue@5.1.1:
    resolution:
      {
        integrity: sha512-maua5KUiapvEwiEAe+XnlZ3Rh0GD+qI1J/nb9vrJc3muPXvcF/8gXYTWF76+5DAqHyDUtOIImEuo0YKE9mshVw==,
      }
    dev: true

  /esbuild@0.24.0:
    resolution:
      {
        integrity: sha512-FuLPevChGDshgSicjisSooU0cemp/sGXR841D5LHMB7mTVOmsEHcAxaH3irL53+8YDIeVNQEySh4DaYU/iuPqQ==,
      }
    engines: { node: '>=18' }
    hasBin: true
    requiresBuild: true
    optionalDependencies:
      '@esbuild/aix-ppc64': 0.24.0
      '@esbuild/android-arm': 0.24.0
      '@esbuild/android-arm64': 0.24.0
      '@esbuild/android-x64': 0.24.0
      '@esbuild/darwin-arm64': 0.24.0
      '@esbuild/darwin-x64': 0.24.0
      '@esbuild/freebsd-arm64': 0.24.0
      '@esbuild/freebsd-x64': 0.24.0
      '@esbuild/linux-arm': 0.24.0
      '@esbuild/linux-arm64': 0.24.0
      '@esbuild/linux-ia32': 0.24.0
      '@esbuild/linux-loong64': 0.24.0
      '@esbuild/linux-mips64el': 0.24.0
      '@esbuild/linux-ppc64': 0.24.0
      '@esbuild/linux-riscv64': 0.24.0
      '@esbuild/linux-s390x': 0.24.0
      '@esbuild/linux-x64': 0.24.0
      '@esbuild/netbsd-x64': 0.24.0
      '@esbuild/openbsd-arm64': 0.24.0
      '@esbuild/openbsd-x64': 0.24.0
      '@esbuild/sunos-x64': 0.24.0
      '@esbuild/win32-arm64': 0.24.0
      '@esbuild/win32-ia32': 0.24.0
      '@esbuild/win32-x64': 0.24.0
    dev: true

  /esm-env@1.2.1:
    resolution:
      {
        integrity: sha512-U9JedYYjCnadUlXk7e1Kr+aENQhtUaoaV9+gZm1T8LC/YBAPJx3NSPIAurFOC0U5vrdSevnUJS2/wUVxGwPhng==,
      }
    dev: true

  /esrap@1.2.3:
    resolution:
      {
        integrity: sha512-ZlQmCCK+n7SGoqo7DnfKaP1sJZa49P01/dXzmjCASSo04p72w8EksT2NMK8CEX8DhKsfJXANioIw8VyHNsBfvQ==,
      }
    dependencies:
      '@jridgewell/sourcemap-codec': 1.5.0
      '@types/estree': 1.0.6
    dev: true

  /fdir@6.4.2:
    resolution:
      {
        integrity: sha512-KnhMXsKSPZlAhp7+IjUkRZKPb4fUyccpDrdFXbi4QL1qkmFh9kVY09Yox+n4MaOb3lHZ1Tv829C3oaaXoMYPDQ==,
      }
    peerDependencies:
      picomatch: ^3 || ^4
    peerDependenciesMeta:
      picomatch:
        optional: true
    dev: true

  /fs.realpath@1.0.0:
    resolution:
      {
        integrity: sha512-OO0pH2lK6a0hZnAdau5ItzHPI6pUlvI7jMVnxUQRtw4owF2wk8lOSabtGDCTP4Ggrg2MbGnWO9X8K1t4+fGMDw==,
      }
    dev: true

  /fsevents@2.3.3:
    resolution:
      {
        integrity: sha512-5xoDfX+fL7faATnagmWPpbFtwh/R77WmMMqqHGS65C3vvB0YHrgF+B1YmZ3441tMj5n63k0212XNoJwzlhffQw==,
      }
    engines: { node: ^8.16.0 || ^10.6.0 || >=11.0.0 }
    os: [darwin]
    requiresBuild: true
    dev: true
    optional: true

  /glob@8.1.0:
    resolution:
      {
        integrity: sha512-r8hpEjiQEYlF2QU0df3dS+nxxSIreXQS1qRhMJM0Q5NDdR386C7jb7Hwwod8Fgiuex+k0GFjgft18yvxm5XoCQ==,
      }
    engines: { node: '>=12' }
    deprecated: Glob versions prior to v9 are no longer supported
    dependencies:
      fs.realpath: 1.0.0
      inflight: 1.0.6
      inherits: 2.0.4
      minimatch: 5.1.6
      once: 1.4.0
    dev: true

  /globals@11.12.0:
    resolution:
      {
        integrity: sha512-WOBp/EEGUiIsJSp7wcv/y6MO+lV9UoncWqxuFfm8eBwzWNgyfBd6Gz+IeKQ9jCmyhoH99g15M3T+QaVHFjizVA==,
      }
    engines: { node: '>=4' }
    dev: true

  /globalyzer@0.1.0:
    resolution:
      {
        integrity: sha512-40oNTM9UfG6aBmuKxk/giHn5nQ8RVz/SS4Ir6zgzOv9/qC3kKZ9v4etGTcJbEl/NyVQH7FGU7d+X1egr57Md2Q==,
      }
    dev: true

  /globrex@0.1.2:
    resolution:
      {
        integrity: sha512-uHJgbwAMwNFf5mLst7IWLNg14x1CkeqglJb/K3doi4dw6q2IvAAmM/Y81kevy83wP+Sst+nutFTYOGg3d1lsxg==,
      }
    dev: true

  /husky@9.1.7:
    resolution:
      {
        integrity: sha512-5gs5ytaNjBrh5Ow3zrvdUUY+0VxIuWVL4i9irt6friV+BqdCfmV11CQTWMiBYWHbXhco+J1kHfTOUkePhCDvMA==,
      }
    engines: { node: '>=18' }
    hasBin: true
    dev: true

  /ignore-walk@5.0.1:
    resolution:
      {
        integrity: sha512-yemi4pMf51WKT7khInJqAvsIGzoqYXblnsz0ql8tM+yi1EKYTY1evX4NAbJrLL/Aanr2HyZeluqU+Oi7MGHokw==,
      }
    engines: { node: ^12.13.0 || ^14.15.0 || >=16.0.0 }
    dependencies:
      minimatch: 5.1.6
    dev: true

  /import-meta-resolve@4.1.0:
    resolution:
      {
        integrity: sha512-I6fiaX09Xivtk+THaMfAwnA3MVA5Big1WHF1Dfx9hFuvNIWpXnorlkzhcQf6ehrqQiiZECRt1poOAkPmer3ruw==,
      }
    dev: true

  /inflight@1.0.6:
    resolution:
      {
        integrity: sha512-k92I/b08q4wvFscXCLvqfsHCrjrF7yiXsQuIVvVE7N82W3+aqpzuUdBbfhWcy/FZR3/4IgflMgKLOsvPDrGCJA==,
      }
    deprecated: This module is not supported, and leaks memory. Do not use it. Check out lru-cache if you want a good and tested way to coalesce async requests by a key value, which is much more comprehensive and powerful.
    dependencies:
      once: 1.4.0
      wrappy: 1.0.2
    dev: true

  /inherits@2.0.4:
    resolution:
      {
        integrity: sha512-k/vGaX4/Yla3WzyMCvTQOXYeIHvqOKtnqBduzTHpzpQZzAskKMhZ2K+EnBiSM9zGSoIFeMpXKxa4dYeZIQqewQ==,
      }
    dev: true

  /is-reference@3.0.3:
    resolution:
      {
        integrity: sha512-ixkJoqQvAP88E6wLydLGGqCJsrFUnqoH6HnaczB8XmDH1oaWU+xxdptvikTgaEhtZ53Ky6YXiBuUI2WXLMCwjw==,
      }
    dependencies:
      '@types/estree': 1.0.6
    dev: true

  /isexe@2.0.0:
    resolution:
      {
        integrity: sha512-RHxMLp9lnKHGHRng9QFhRCMbYAcVpn69smSGcq3f36xjgVVWThj4qqLbTLlq7Ssj8B+fIQ1EuCEGI2lKsyQeIw==,
      }
    dev: true

  /javascript-natural-sort@0.7.1:
    resolution:
      {
        integrity: sha512-nO6jcEfZWQXDhOiBtG2KvKyEptz7RVbpGP4vTD2hLBdmNQSsCiicO2Ioinv6UI4y9ukqnBpy+XZ9H6uLNgJTlw==,
      }
    dev: true

  /js-tokens@4.0.0:
    resolution:
      {
        integrity: sha512-RdJUflcE3cUzKiMqQgsCu06FPu9UdIJO0beYbPhHN4k6apgJtifcoCtT9bcxOpYBtpD2kCM6Sbzg4CausW/PKQ==,
      }
    dev: true

  /jsesc@2.5.2:
    resolution:
      {
        integrity: sha512-OYu7XEzjkCQ3C5Ps3QIZsQfNpqoJyZZA99wd9aWd05NCtC5pWOkShK2mkL6HXQR6/Cy2lbNdPlZBpuQHXE63gA==,
      }
    engines: { node: '>=4' }
    hasBin: true
    dev: true

  /jsesc@3.0.2:
    resolution:
      {
        integrity: sha512-xKqzzWXDttJuOcawBt4KnKHHIf5oQ/Cxax+0PWFG+DFDgHNAdi+TXECADI+RYiFUMmx8792xsMbbgXj4CwnP4g==,
      }
    engines: { node: '>=6' }
    hasBin: true
    dev: true

  /kleur@4.1.5:
    resolution:
      {
        integrity: sha512-o+NO+8WrRiQEE4/7nwRJhN1HWpVmJm511pBHUxPLtp0BUISzlBplORYSmTclCnJvQq2tKu/sgl3xVpkc7ZWuQQ==,
      }
    engines: { node: '>=6' }
    dev: true

  /locate-character@3.0.0:
    resolution:
      {
        integrity: sha512-SW13ws7BjaeJ6p7Q6CO2nchbYEc3X3J6WrmTTDto7yMPqVSZTUyY5Tjbid+Ab8gLnATtygYtiDIJGQRRn2ZOiA==,
      }
    dev: true

  /lodash@4.17.21:
    resolution:
      {
        integrity: sha512-v2kDEe57lecTulaDIuNTPy3Ry4gLGJ6Z1O3vE1krgXZNrsQ+LFTGHVxVjcXPs17LhbZVGedAJv8XZ1tvj5FvSg==,
      }
    dev: true

  /lower-case@2.0.2:
    resolution:
      {
        integrity: sha512-7fm3l3NAF9WfN6W3JOmf5drwpVqX78JtoGJ3A6W0a6ZnldM41w2fV5D490psKFTpMds8TJse/eHLFFsNHHjHgg==,
      }
    dependencies:
      tslib: 2.8.1
    dev: true

  /magic-string@0.30.14:
    resolution:
      {
        integrity: sha512-5c99P1WKTed11ZC0HMJOj6CDIue6F8ySu+bJL+85q1zBEIY8IklrJ1eiKC2NDRh3Ct3FcvmJPyQHb9erXMTJNw==,
      }
    dependencies:
      '@jridgewell/sourcemap-codec': 1.5.0
    dev: true

  /minimatch@5.1.6:
    resolution:
      {
        integrity: sha512-lKwV/1brpG6mBUFHtb7NUmtABCb2WZZmm2wNiOA5hAb8VdCS4B3dtMWyvcoViccwAW/COERjXLt0zP1zXUN26g==,
      }
    engines: { node: '>=10' }
    dependencies:
      brace-expansion: 2.0.1
    dev: true

  /mri@1.2.0:
    resolution:
      {
        integrity: sha512-tzzskb3bG8LvYGFF/mDTpq3jpI6Q9wc3LEmBaghu+DdCssd1FakN7Bc0hVNmEyGq1bq3RgfkCb3cmQLpNPOroA==,
      }
    engines: { node: '>=4' }
    dev: true

  /mrmime@2.0.0:
    resolution:
      {
        integrity: sha512-eu38+hdgojoyq63s+yTpN4XMBdt5l8HhMhc4VKLO9KM5caLIBvUm4thi7fFaxyTmCKeNnXZ5pAlBwCUnhA09uw==,
      }
    engines: { node: '>=10' }
    dev: true

  /ms@2.1.3:
    resolution:
      {
        integrity: sha512-6FlzubTLZG3J2a/NVCAleEhjzq5oxgHyaCU9yYXvcLsvoVaHJq/s5xXI6/XXP6tz7R9xAOtHnSO/tXtF3WRTlA==,
      }
    dev: true

  /nanoid@3.3.8:
    resolution:
      {
        integrity: sha512-WNLf5Sd8oZxOm+TzppcYk8gVOgP+l58xNy58D0nbUnOxOWRWvlcCV4kUF7ltmI6PsrLl/BgKEyS4mqsGChFN0w==,
      }
    engines: { node: ^10 || ^12 || ^13.7 || ^14 || >=15.0.1 }
    hasBin: true
    dev: true

  /no-case@3.0.4:
    resolution:
      {
        integrity: sha512-fgAN3jGAh+RoxUGZHTSOLJIqUc2wmoBwGR4tbpNAKmmovFoWq0OdRkb0VkldReO2a2iBT/OEulG9XSUc10r3zg==,
      }
    dependencies:
      lower-case: 2.0.2
      tslib: 2.8.1
    dev: true

  /npm-bundled@2.0.1:
    resolution:
      {
        integrity: sha512-gZLxXdjEzE/+mOstGDqR6b0EkhJ+kM6fxM6vUuckuctuVPh80Q6pw/rSZj9s4Gex9GxWtIicO1pc8DB9KZWudw==,
      }
    engines: { node: ^12.13.0 || ^14.15.0 || >=16.0.0 }
    dependencies:
      npm-normalize-package-bin: 2.0.0
    dev: true

  /npm-normalize-package-bin@2.0.0:
    resolution:
      {
        integrity: sha512-awzfKUO7v0FscrSpRoogyNm0sajikhBWpU0QMrW09AMi9n1PoKU6WaIqUzuJSQnpciZZmJ/jMZ2Egfmb/9LiWQ==,
      }
    engines: { node: ^12.13.0 || ^14.15.0 || >=16.0.0 }
    dev: true

  /npm-packlist@5.1.3:
    resolution:
      {
        integrity: sha512-263/0NGrn32YFYi4J533qzrQ/krmmrWwhKkzwTuM4f/07ug51odoaNjUexxO4vxlzURHcmYMH1QjvHjsNDKLVg==,
      }
    engines: { node: ^12.13.0 || ^14.15.0 || >=16.0.0 }
    hasBin: true
    dependencies:
      glob: 8.1.0
      ignore-walk: 5.0.1
      npm-bundled: 2.0.1
      npm-normalize-package-bin: 2.0.0
    dev: true

  /once@1.4.0:
    resolution:
      {
        integrity: sha512-lNaJgI+2Q5URQBkccEKHTQOPaXdUxnZZElQTZY0MFUAuaEqe1E+Nyvgdz/aIyNi6Z9MzO5dv1H8n58/GELp3+w==,
      }
    dependencies:
      wrappy: 1.0.2
    dev: true

  /pascal-case@3.1.2:
    resolution:
      {
        integrity: sha512-uWlGT3YSnK9x3BQJaOdcZwrnV6hPpd8jFH1/ucpiLRPh/2zCVJKS19E4GvYHvaCcACn3foXZ0cLB9Wrx1KGe5g==,
      }
    dependencies:
      no-case: 3.0.4
      tslib: 2.8.1
    dev: true

  /path-key@3.1.1:
    resolution:
      {
        integrity: sha512-ojmeN0qd+y0jszEtoY48r0Peq5dwMEkIlCOu6Q5f41lfkswXuKtYrhgoTpLnyIcHm24Uhqx+5Tqm2InSwLhE6Q==,
      }
    engines: { node: '>=8' }
    dev: true

  /picocolors@1.1.1:
    resolution:
      {
        integrity: sha512-xceH2snhtb5M9liqDsmEw56le376mTZkEX/jEb/RxNFyegNul7eNslCXP9FDj/Lcu0X8KEyMceP2ntpaHrDEVA==,
      }
    dev: true

  /postcss@8.4.49:
    resolution:
      {
        integrity: sha512-OCVPnIObs4N29kxTjzLfUryOkvZEq+pf8jTF0lg8E7uETuWHA+v7j3c/xJmiqpX450191LlmZfUKkXxkTry7nA==,
      }
    engines: { node: ^10 || ^12 || >=14 }
    dependencies:
      nanoid: 3.3.8
      picocolors: 1.1.1
      source-map-js: 1.2.1
    dev: true

  /prettier-plugin-svelte@3.3.2(prettier@3.4.2)(svelte@5.6.2):
    resolution:
      {
        integrity: sha512-kRPjH8wSj2iu+dO+XaUv4vD8qr5mdDmlak3IT/7AOgGIMRG86z/EHOLauFcClKEnOUf4A4nOA7sre5KrJD4Raw==,
      }
    peerDependencies:
      prettier: ^3.0.0
      svelte: ^3.2.0 || ^4.0.0-next.0 || ^5.0.0-next.0
    dependencies:
      prettier: 3.4.2
      svelte: 5.6.2
    dev: true

  /prettier@3.4.2:
    resolution:
      {
        integrity: sha512-e9MewbtFo+Fevyuxn/4rrcDAaq0IYxPGLvObpQjiZBMAzB9IGmzlnG9RZy3FFas+eBMu2vA0CszMeduow5dIuQ==,
      }
    engines: { node: '>=14' }
    hasBin: true
    dev: true

  /publint@0.2.12:
    resolution:
      {
        integrity: sha512-YNeUtCVeM4j9nDiTT2OPczmlyzOkIXNtdDZnSuajAxS/nZ6j3t7Vs9SUB4euQNddiltIwu7Tdd3s+hr08fAsMw==,
      }
    engines: { node: '>=16' }
    hasBin: true
    dependencies:
      npm-packlist: 5.1.3
      picocolors: 1.1.1
      sade: 1.8.1
    dev: true

  /readdirp@4.0.2:
    resolution:
      {
        integrity: sha512-yDMz9g+VaZkqBYS/ozoBJwaBhTbZo3UNYQHNRw1D3UFQB8oHB4uS/tAODO+ZLjGWmUbKnIlOWO+aaIiAxrUWHA==,
      }
    engines: { node: '>= 14.16.0' }
    dev: true

  /rollup@4.28.0:
    resolution:
      {
        integrity: sha512-G9GOrmgWHBma4YfCcX8PjH0qhXSdH8B4HDE2o4/jaxj93S4DPCIDoLcXz99eWMji4hB29UFCEd7B2gwGJDR9cQ==,
      }
    engines: { node: '>=18.0.0', npm: '>=8.0.0' }
    hasBin: true
    dependencies:
      '@types/estree': 1.0.6
    optionalDependencies:
      '@rollup/rollup-android-arm-eabi': 4.28.0
      '@rollup/rollup-android-arm64': 4.28.0
      '@rollup/rollup-darwin-arm64': 4.28.0
      '@rollup/rollup-darwin-x64': 4.28.0
      '@rollup/rollup-freebsd-arm64': 4.28.0
      '@rollup/rollup-freebsd-x64': 4.28.0
      '@rollup/rollup-linux-arm-gnueabihf': 4.28.0
      '@rollup/rollup-linux-arm-musleabihf': 4.28.0
      '@rollup/rollup-linux-arm64-gnu': 4.28.0
      '@rollup/rollup-linux-arm64-musl': 4.28.0
      '@rollup/rollup-linux-powerpc64le-gnu': 4.28.0
      '@rollup/rollup-linux-riscv64-gnu': 4.28.0
      '@rollup/rollup-linux-s390x-gnu': 4.28.0
      '@rollup/rollup-linux-x64-gnu': 4.28.0
      '@rollup/rollup-linux-x64-musl': 4.28.0
      '@rollup/rollup-win32-arm64-msvc': 4.28.0
      '@rollup/rollup-win32-ia32-msvc': 4.28.0
      '@rollup/rollup-win32-x64-msvc': 4.28.0
      fsevents: 2.3.3
    dev: true

  /sade@1.8.1:
    resolution:
      {
        integrity: sha512-xal3CZX1Xlo/k4ApwCFrHVACi9fBqJ7V+mwhBsuf/1IOKbBy098Fex+Wa/5QMubw09pSZ/u8EY8PWgevJsXp1A==,
      }
    engines: { node: '>=6' }
    dependencies:
      mri: 1.2.0
    dev: true

  /semver@7.6.3:
    resolution:
      {
        integrity: sha512-oVekP1cKtI+CTDvHWYFUcMtsK/00wmAEfyqKfNdARm8u1wNVhSgaX7A8d4UuIlUI5e84iEwOhs7ZPYRmzU9U6A==,
      }
    engines: { node: '>=10' }
    hasBin: true
    dev: true

  /set-cookie-parser@2.7.1:
    resolution:
      {
        integrity: sha512-IOc8uWeOZgnb3ptbCURJWNjWUPcO3ZnTTdzsurqERrP6nPyv+paC55vJM0LpOlT2ne+Ix+9+CRG1MNLlyZ4GjQ==,
      }
    dev: true

  /shebang-command@2.0.0:
    resolution:
      {
        integrity: sha512-kHxr2zZpYtdmrN1qDjrrX/Z1rR1kG8Dx+gkpK1G4eXmvXswmcE1hTWBWYUzlraYw1/yZp6YuDY77YtvbN0dmDA==,
      }
    engines: { node: '>=8' }
    dependencies:
      shebang-regex: 3.0.0
    dev: true

  /shebang-regex@3.0.0:
    resolution:
      {
        integrity: sha512-7++dFhtcx3353uBaq8DDR4NuxBetBzC7ZQOhmTQInHEd6bSrXdiEyzCvG07Z44UYdLShWUyXt5M/yhz8ekcb1A==,
      }
    engines: { node: '>=8' }
    dev: true

  /sirv@3.0.0:
    resolution:
      {
        integrity: sha512-BPwJGUeDaDCHihkORDchNyyTvWFhcusy1XMmhEVTQTwGeybFbp8YEmB+njbPnth1FibULBSBVwCQni25XlCUDg==,
      }
    engines: { node: '>=18' }
    dependencies:
      '@polka/url': 1.0.0-next.28
      mrmime: 2.0.0
      totalist: 3.0.1
    dev: true

  /source-map-js@1.2.1:
    resolution:
      {
        integrity: sha512-UXWMKhLOwVKb728IUtQPXxfYU+usdybtUrK/8uGE8CQMvrhOpwvzDBwj0QhSL7MQc7vIsISBG8VQ8+IDQxpfQA==,
      }
    engines: { node: '>=0.10.0' }
    dev: true

  /source-map@0.5.7:
    resolution:
      {
        integrity: sha512-LbrmJOMUSdEVxIKvdcJzQC+nQhe8FUZQTXQy6+I75skNgn3OoQ0DZA8YnFa7gp8tqtL3KPf1kmo0R5DoApeSGQ==,
      }
    engines: { node: '>=0.10.0' }
    dev: true

  /svelte-check@4.1.1(svelte@5.6.2)(typescript@5.7.2):
    resolution:
      {
        integrity: sha512-NfaX+6Qtc8W/CyVGS/F7/XdiSSyXz+WGYA9ZWV3z8tso14V2vzjfXviKaTFEzB7g8TqfgO2FOzP6XT4ApSTUTw==,
      }
    engines: { node: '>= 18.0.0' }
    hasBin: true
    peerDependencies:
      svelte: ^4.0.0 || ^5.0.0-next.0
      typescript: '>=5.0.0'
    dependencies:
      '@jridgewell/trace-mapping': 0.3.25
      chokidar: 4.0.1
      fdir: 6.4.2
      picocolors: 1.1.1
      sade: 1.8.1
      svelte: 5.6.2
      typescript: 5.7.2
    transitivePeerDependencies:
      - picomatch
    dev: true

  /svelte2tsx@0.7.30(svelte@5.6.2)(typescript@5.7.2):
    resolution:
      {
        integrity: sha512-sHXK/vw/sVJmFuPSq6zeKrtuZKvo0jJyEi8ybN0dfrqSYVvHu8zFbO0zQKAL8y/fYackYojH41EJGe6v8rd5fw==,
      }
    peerDependencies:
      svelte: ^3.55 || ^4.0.0-next.0 || ^4.0 || ^5.0.0-next.0
      typescript: ^4.9.4 || ^5.0.0
    dependencies:
      dedent-js: 1.0.1
      pascal-case: 3.1.2
      svelte: 5.6.2
      typescript: 5.7.2
    dev: true

  /svelte@5.6.2:
    resolution:
      {
        integrity: sha512-fyq4gCUW9OoR9X8I1BzmMVIOxzTlyCLI5gArRRTUuJj+jIUSHtud7c+MguQNGLv7Z/rGWxJyG9ZRFd/cFp/klA==,
      }
    engines: { node: '>=18' }
    dependencies:
      '@ampproject/remapping': 2.3.0
      '@jridgewell/sourcemap-codec': 1.5.0
      '@types/estree': 1.0.6
      acorn: 8.14.0
      acorn-typescript: 1.4.13(acorn@8.14.0)
      aria-query: 5.3.2
      axobject-query: 4.1.0
      esm-env: 1.2.1
      esrap: 1.2.3
      is-reference: 3.0.3
      locate-character: 3.0.0
      magic-string: 0.30.14
      zimmerframe: 1.1.2
    dev: true

  /tiny-glob@0.2.9:
    resolution:
      {
        integrity: sha512-g/55ssRPUjShh+xkfx9UPDXqhckHEsHr4Vd9zX55oSdGZc/MD0m3sferOkwWtp98bv+kcVfEHtRJgBVJzelrzg==,
      }
    dependencies:
      globalyzer: 0.1.0
      globrex: 0.1.2
    dev: true

  /to-fast-properties@2.0.0:
    resolution:
      {
        integrity: sha512-/OaKK0xYrs3DmxRYqL/yDc+FxFUVYhDlXMhRmv3z915w2HF1tnN1omB354j8VUGO/hbRzyD6Y3sA7v7GS/ceog==,
      }
    engines: { node: '>=4' }
    dev: true

  /totalist@3.0.1:
    resolution:
      {
        integrity: sha512-sf4i37nQ2LBx4m3wB74y+ubopq6W/dIzXg0FDGjsYnZHVa1Da8FH853wlL2gtUhg+xJXjfk3kUZS3BRoQeoQBQ==,
      }
    engines: { node: '>=6' }
    dev: true

  /tslib@2.8.1:
    resolution:
      {
        integrity: sha512-oJFu94HQb+KVduSUQL7wnpmqnfmLsOA/nAh6b6EH0wCEoK0/mPeXU6c3wKDV83MkOuHPRHtSXKKU99IBazS/2w==,
      }
    dev: true

  /typescript@5.7.2:
    resolution:
      {
        integrity: sha512-i5t66RHxDvVN40HfDd1PsEThGNnlMCMT3jMUuoh9/0TaqWevNontacunWyN02LA9/fIbEWlcHZcgTKb9QoaLfg==,
      }
    engines: { node: '>=14.17' }
    hasBin: true
    dev: true

  /vite@6.0.2:
    resolution:
      {
        integrity: sha512-XdQ+VsY2tJpBsKGs0wf3U/+azx8BBpYRHFAyKm5VeEZNOJZRB63q7Sc8Iup3k0TrN3KO6QgyzFf+opSbfY1y0g==,
      }
    engines: { node: ^18.0.0 || ^20.0.0 || >=22.0.0 }
    hasBin: true
    peerDependencies:
      '@types/node': ^18.0.0 || ^20.0.0 || >=22.0.0
      jiti: '>=1.21.0'
      less: '*'
      lightningcss: ^1.21.0
      sass: '*'
      sass-embedded: '*'
      stylus: '*'
      sugarss: '*'
      terser: ^5.16.0
      tsx: ^4.8.1
      yaml: ^2.4.2
    peerDependenciesMeta:
      '@types/node':
        optional: true
      jiti:
        optional: true
      less:
        optional: true
      lightningcss:
        optional: true
      sass:
        optional: true
      sass-embedded:
        optional: true
      stylus:
        optional: true
      sugarss:
        optional: true
      terser:
        optional: true
      tsx:
        optional: true
      yaml:
        optional: true
    dependencies:
      esbuild: 0.24.0
      postcss: 8.4.49
      rollup: 4.28.0
    optionalDependencies:
      fsevents: 2.3.3
    dev: true

  /vitefu@1.0.4(vite@6.0.2):
    resolution:
      {
        integrity: sha512-y6zEE3PQf6uu/Mt6DTJ9ih+kyJLr4XcSgHR2zUkM8SWDhuixEJxfJ6CZGMHh1Ec3vPLoEA0IHU5oWzVqw8ulow==,
      }
    peerDependencies:
      vite: ^3.0.0 || ^4.0.0 || ^5.0.0 || ^6.0.0
    peerDependenciesMeta:
      vite:
        optional: true
    dependencies:
      vite: 6.0.2
    dev: true

  /which@2.0.2:
    resolution:
      {
        integrity: sha512-BLI3Tl1TW3Pvl70l3yq3Y64i+awpwXqsGBYWkkqMtnbXgrMD+yj7rhW0kuEDxzJaYXGjEW5ogapKNMEKNMjibA==,
      }
    engines: { node: '>= 8' }
    hasBin: true
    dependencies:
      isexe: 2.0.0
    dev: true

  /wrappy@1.0.2:
    resolution:
      {
        integrity: sha512-l4Sp/DRseor9wL6EvV2+TuQn63dMkPjZ/sp9XkghTEbV9KlPS1xUsZ3u7/IQO4wxtcFB4bgpQPRcR3QCvezPcQ==,
      }
    dev: true

  /zimmerframe@1.1.2:
    resolution:
      {
        integrity: sha512-rAbqEGa8ovJy4pyBxZM70hg4pE6gDgaQ0Sl9M3enG3I0d6H4XSAM3GeNGLKnsBpuijUow064sf7ww1nutC5/3w==,
      }
    dev: true
